
Microsoft Visual Studio Solution File, Format Version 12.00
# Visual Studio Version 17
VisualStudioVersion = 17.3.32825.248
MinimumVisualStudioVersion = 10.0.40219.1
Project("{FAE04EC0-301F-11D3-BF4B-00C04F79EFBC}") = "MVC-memory", "MVC-memory\MVC-memory.csproj", "{BAE5615F-CAAD-4B1D-B24D-5493F61E6A15}"
EndProject
Global
	GlobalSection(SolutionConfigurationPlatforms) = preSolution
		Debug|Any CPU = Debug|Any CPU
		Release|Any CPU = Release|Any CPU
	EndGlobalSection
	GlobalSection(ProjectConfigurationPlatforms) = postSolution
		{BAE5615F-CAAD-4B1D-B24D-5493F61E6A15}.Debug|Any CPU.ActiveCfg = Debug|Any CPU
		{BAE5615F-CAAD-4B1D-B24D-5493F61E6A15}.Debug|Any CPU.Build.0 = Debug|Any CPU
		{BAE5615F-CAAD-4B1D-B24D-5493F61E6A15}.Release|Any CPU.ActiveCfg = Release|Any CPU
		{BAE5615F-CAAD-4B1D-B24D-5493F61E6A15}.Release|Any CPU.Build.0 = Release|Any CPU
	EndGlobalSection
	GlobalSection(SolutionProperties) = preSolution
		HideSolutionNode = FALSE
	EndGlobalSection
	GlobalSection(ExtensibilityGlobals) = postSolution
		SolutionGuid = {0BB6326E-E83E-4264-B160-528F5763550D}
	EndGlobalSection
EndGlobal
